{
  "name": "TGS-BE",
  "lockfileVersion": 3,
  "requires": true,
  "packages": {
    "": {
      "dependencies": {
        "@grapecity/gcpdfviewer": "^4.0.7"
      }
    },
    "node_modules/@grapecity/gcpdfviewer": {
      "version": "4.0.7",
      "resolved": "https://registry.npmjs.org/@grapecity/gcpdfviewer/-/gcpdfviewer-4.0.7.tgz",
      "integrity": "sha512-E3XlXk47GFfN27IH5gTb2hPG9ALfPhGpDeJk4hkUxQFgdv+t5Pe6rwORbRD0rAZrN63lzFkNdYbidAEcRGlmuA=="
    }
  }
}
